
Microsoft Visual Studio Solution File, Format Version 12.00
# Visual Studio Version 16
VisualStudioVersion = 16.0.28803.202
MinimumVisualStudioVersion = 10.0.40219.1
Project("{9A19103F-16F7-4668-BE54-9A1E7A4F7556}") = "UtilityEnum", "UtilityEnum\UtilityEnum.csproj", "{0D0B1364-D916-40C7-AF22-E0001B23D9B1}"
EndProject
Project("{FAE04EC0-301F-11D3-BF4B-00C04F79EFBC}") = "UtilityEnum.Test", "UtilityEnum.Test\UtilityEnum.Test.csproj", "{9FF7A1D3-1851-4B80-8419-14AEB6C52AF6}"
EndProject
Global
	GlobalSection(SolutionConfigurationPlatforms) = preSolution
		Debug|Any CPU = Debug|Any CPU
		Release|Any CPU = Release|Any CPU
	EndGlobalSection
	GlobalSection(ProjectConfigurationPlatforms) = postSolution
		{0D0B1364-D916-40C7-AF22-E0001B23D9B1}.Debug|Any CPU.ActiveCfg = Debug|Any CPU
		{0D0B1364-D916-40C7-AF22-E0001B23D9B1}.Debug|Any CPU.Build.0 = Debug|Any CPU
		{0D0B1364-D916-40C7-AF22-E0001B23D9B1}.Release|Any CPU.ActiveCfg = Release|Any CPU
		{0D0B1364-D916-40C7-AF22-E0001B23D9B1}.Release|Any CPU.Build.0 = Release|Any CPU
		{9FF7A1D3-1851-4B80-8419-14AEB6C52AF6}.Debug|Any CPU.ActiveCfg = Debug|Any CPU
		{9FF7A1D3-1851-4B80-8419-14AEB6C52AF6}.Debug|Any CPU.Build.0 = Debug|Any CPU
		{9FF7A1D3-1851-4B80-8419-14AEB6C52AF6}.Release|Any CPU.ActiveCfg = Release|Any CPU
		{9FF7A1D3-1851-4B80-8419-14AEB6C52AF6}.Release|Any CPU.Build.0 = Release|Any CPU
	EndGlobalSection
	GlobalSection(SolutionProperties) = preSolution
		HideSolutionNode = FALSE
	EndGlobalSection
	GlobalSection(ExtensibilityGlobals) = postSolution
		SolutionGuid = {D3BC6E48-4836-47DB-9969-EF74937B1009}
	EndGlobalSection
EndGlobal
